Microsoft Visual Studio Solution File, Format Version 12.00
# Visual Studio Version 17
VisualStudioVersion = 17.14.35906.104
MinimumVisualStudioVersion = 10.0.40219.1
Project("{FAE04EC0-301F-11D3-BF4B-00C04F79EFBC}") = "RealityScraper", "RealityScraper\RealityScraper.csproj", "{44DB05CA-55EE-4C98-9466-D57FA9A45C91}"
EndProject
Project("{2150E333-8FDC-42A3-9474-1A3956D46DE8}") = "Solution items", "Solution items", "{02EA681E-C7D8-13C7-8484-4AC65E1B71E8}"
	ProjectSection(SolutionItems) = preProject
		.dockerignore = .dockerignore
		.editorconfig = .editorconfig
		.gitignore = .gitignore
		Dockerfile = Dockerfile
		LICENSE = LICENSE
		README.md = README.md
	EndProjectSection
EndProject
Project("{FAE04EC0-301F-11D3-BF4B-00C04F79EFBC}") = "RealityScraper.Tests", "RealityScraper.Tests\RealityScraper.Tests.csproj", "{7E65A358-3C6F-4964-A2BC-0A2F6C748DBE}"
EndProject
Global
	GlobalSection(SolutionConfigurationPlatforms) = preSolution
		Debug|Any CPU = Debug|Any CPU
		Release|Any CPU = Release|Any CPU
	EndGlobalSection
	GlobalSection(ProjectConfigurationPlatforms) = postSolution
		{44DB05CA-55EE-4C98-9466-D57FA9A45C91}.Debug|Any CPU.ActiveCfg = Debug|Any CPU
		{44DB05CA-55EE-4C98-9466-D57FA9A45C91}.Debug|Any CPU.Build.0 = Debug|Any CPU
		{44DB05CA-55EE-4C98-9466-D57FA9A45C91}.Release|Any CPU.ActiveCfg = Release|Any CPU
		{44DB05CA-55EE-4C98-9466-D57FA9A45C91}.Release|Any CPU.Build.0 = Release|Any CPU
		{7E65A358-3C6F-4964-A2BC-0A2F6C748DBE}.Debug|Any CPU.ActiveCfg = Debug|Any CPU
		{7E65A358-3C6F-4964-A2BC-0A2F6C748DBE}.Debug|Any CPU.Build.0 = Debug|Any CPU
		{7E65A358-3C6F-4964-A2BC-0A2F6C748DBE}.Release|Any CPU.ActiveCfg = Release|Any CPU
		{7E65A358-3C6F-4964-A2BC-0A2F6C748DBE}.Release|Any CPU.Build.0 = Release|Any CPU
	EndGlobalSection
	GlobalSection(SolutionProperties) = preSolution
		HideSolutionNode = FALSE
	EndGlobalSection
	GlobalSection(ExtensibilityGlobals) = postSolution
		SolutionGuid = {37F4E287-76FD-42EB-AB07-20224FB5E23B}
	EndGlobalSection
EndGlobal
