Microsoft Visual Studio Solution File, Format Version 12.00
# Visual Studio Version 17
VisualStudioVersion = 17.14.35906.104
MinimumVisualStudioVersion = 10.0.40219.1
Project("{2150E333-8FDC-42A3-9474-1A3956D46DE8}") = "_Solution items", "_Solution items", "{02EA681E-C7D8-13C7-8484-4AC65E1B71E8}"
EndProject
Project("{FAE04EC0-301F-11D3-BF4B-00C04F79EFBC}") = "RealityScraper.Client", "RealityScraper.Client\RealityScraper.Client.csproj", "{89362E60-E8D7-44F3-8634-9189BBC5F537}"
EndProject
Project("{2150E333-8FDC-42A3-9474-1A3956D46DE8}") = "Core", "Core", "{52C18A51-747A-4672-8D5D-9D16FC9DDDE5}"
EndProject
Project("{FAE04EC0-301F-11D3-BF4B-00C04F79EFBC}") = "RealityScraper.Domain", "RealityScraper.Domain\RealityScraper.Domain.csproj", "{46199709-0F04-4F72-B868-E0B7309CCBDC}"
EndProject
Project("{FAE04EC0-301F-11D3-BF4B-00C04F79EFBC}") = "RealityScraper.Application", "RealityScraper.Application\RealityScraper.Application.csproj", "{301B688A-DDDC-42ED-B436-5CCD547B9724}"
EndProject
Project("{2150E333-8FDC-42A3-9474-1A3956D46DE8}") = "Infrastructure", "Infrastructure", "{6926D532-FE9A-48BB-8387-0CB4A79AC0A0}"
EndProject
Project("{FAE04EC0-301F-11D3-BF4B-00C04F79EFBC}") = "RealityScraper.Persistence", "RealityScraper.Persistence\RealityScraper.Persistence.csproj", "{9F09A8F3-E8E3-46E1-8A05-DBA7C87E3B0D}"
EndProject
Project("{FAE04EC0-301F-11D3-BF4B-00C04F79EFBC}") = "RealityScraper.Infrastructure", "RealityScraper.Infrastructure\RealityScraper.Infrastructure.csproj", "{74C357EF-FCCE-4BF1-9C72-413699D26A82}"
EndProject
Project("{2150E333-8FDC-42A3-9474-1A3956D46DE8}") = "Presentation", "Presentation", "{A717D115-F861-4A8F-86B9-FECBBBB785CF}"
EndProject
Project("{FAE04EC0-301F-11D3-BF4B-00C04F79EFBC}") = "RealityScraper.WebApi", "RealityScraper.WebApi\RealityScraper.WebApi.csproj", "{335D775C-6949-401F-8722-6A01D911F3C3}"
EndProject
Project("{2150E333-8FDC-42A3-9474-1A3956D46DE8}") = "Tests", "Tests", "{F549CFF7-CAEA-40A3-A0FD-30CCD3CB4D60}"
EndProject
Project("{FAE04EC0-301F-11D3-BF4B-00C04F79EFBC}") = "RealityScraper.Application.Tests", "RealityScraper.Application.Tests\RealityScraper.Application.Tests.csproj", "{C6F2B39D-DA40-4DFA-868A-6E26A91F6CB2}"
EndProject
Project("{FAE04EC0-301F-11D3-BF4B-00C04F79EFBC}") = "RealityScraper.Domain.Tests", "RealityScraper.Domain.Tests\RealityScraper.Domain.Tests.csproj", "{4815ED8A-E0BA-4E12-8E08-D26B6E4430EC}"
EndProject
Project("{FAE04EC0-301F-11D3-BF4B-00C04F79EFBC}") = "RealityScraper.Infrastructure.Tests", "RealityScraper.Infrastructure.Tests\RealityScraper.Infrastructure.Tests.csproj", "{C923AD7B-53EF-4110-B351-B82B7C305603}"
EndProject
Project("{FAE04EC0-301F-11D3-BF4B-00C04F79EFBC}") = "RealityScraper.Persistence.Tests", "RealityScraper.Persistence.Tests\RealityScraper.Persistence.Tests.csproj", "{0946CD91-F4CD-4390-80D3-C2C12DACF45A}"
EndProject
Project("{FAE04EC0-301F-11D3-BF4B-00C04F79EFBC}") = "RealityScraper.IntegrationTests", "RealityScraper.IntegrationTests\RealityScraper.IntegrationTests.csproj", "{26A9DFF3-C5A9-44AE-93D7-C5C695DFFE88}"
EndProject
Global
	GlobalSection(SolutionConfigurationPlatforms) = preSolution
		Debug|Any CPU = Debug|Any CPU
		Release|Any CPU = Release|Any CPU
	EndGlobalSection
	GlobalSection(ProjectConfigurationPlatforms) = postSolution
		{89362E60-E8D7-44F3-8634-9189BBC5F537}.Debug|Any CPU.ActiveCfg = Debug|Any CPU
		{89362E60-E8D7-44F3-8634-9189BBC5F537}.Debug|Any CPU.Build.0 = Debug|Any CPU
		{89362E60-E8D7-44F3-8634-9189BBC5F537}.Release|Any CPU.ActiveCfg = Release|Any CPU
		{89362E60-E8D7-44F3-8634-9189BBC5F537}.Release|Any CPU.Build.0 = Release|Any CPU
		{46199709-0F04-4F72-B868-E0B7309CCBDC}.Debug|Any CPU.ActiveCfg = Debug|Any CPU
		{46199709-0F04-4F72-B868-E0B7309CCBDC}.Debug|Any CPU.Build.0 = Debug|Any CPU
		{46199709-0F04-4F72-B868-E0B7309CCBDC}.Release|Any CPU.ActiveCfg = Release|Any CPU
		{46199709-0F04-4F72-B868-E0B7309CCBDC}.Release|Any CPU.Build.0 = Release|Any CPU
		{301B688A-DDDC-42ED-B436-5CCD547B9724}.Debug|Any CPU.ActiveCfg = Debug|Any CPU
		{301B688A-DDDC-42ED-B436-5CCD547B9724}.Debug|Any CPU.Build.0 = Debug|Any CPU
		{301B688A-DDDC-42ED-B436-5CCD547B9724}.Release|Any CPU.ActiveCfg = Release|Any CPU
		{301B688A-DDDC-42ED-B436-5CCD547B9724}.Release|Any CPU.Build.0 = Release|Any CPU
		{9F09A8F3-E8E3-46E1-8A05-DBA7C87E3B0D}.Debug|Any CPU.ActiveCfg = Debug|Any CPU
		{9F09A8F3-E8E3-46E1-8A05-DBA7C87E3B0D}.Debug|Any CPU.Build.0 = Debug|Any CPU
		{9F09A8F3-E8E3-46E1-8A05-DBA7C87E3B0D}.Release|Any CPU.ActiveCfg = Release|Any CPU
		{9F09A8F3-E8E3-46E1-8A05-DBA7C87E3B0D}.Release|Any CPU.Build.0 = Release|Any CPU
		{74C357EF-FCCE-4BF1-9C72-413699D26A82}.Debug|Any CPU.ActiveCfg = Debug|Any CPU
		{74C357EF-FCCE-4BF1-9C72-413699D26A82}.Debug|Any CPU.Build.0 = Debug|Any CPU
		{74C357EF-FCCE-4BF1-9C72-413699D26A82}.Release|Any CPU.ActiveCfg = Release|Any CPU
		{74C357EF-FCCE-4BF1-9C72-413699D26A82}.Release|Any CPU.Build.0 = Release|Any CPU
		{335D775C-6949-401F-8722-6A01D911F3C3}.Debug|Any CPU.ActiveCfg = Debug|Any CPU
		{335D775C-6949-401F-8722-6A01D911F3C3}.Debug|Any CPU.Build.0 = Debug|Any CPU
		{335D775C-6949-401F-8722-6A01D911F3C3}.Release|Any CPU.ActiveCfg = Release|Any CPU
		{335D775C-6949-401F-8722-6A01D911F3C3}.Release|Any CPU.Build.0 = Release|Any CPU
		{C6F2B39D-DA40-4DFA-868A-6E26A91F6CB2}.Debug|Any CPU.ActiveCfg = Debug|Any CPU
		{C6F2B39D-DA40-4DFA-868A-6E26A91F6CB2}.Debug|Any CPU.Build.0 = Debug|Any CPU
		{C6F2B39D-DA40-4DFA-868A-6E26A91F6CB2}.Release|Any CPU.ActiveCfg = Release|Any CPU
		{C6F2B39D-DA40-4DFA-868A-6E26A91F6CB2}.Release|Any CPU.Build.0 = Release|Any CPU
		{4815ED8A-E0BA-4E12-8E08-D26B6E4430EC}.Debug|Any CPU.ActiveCfg = Debug|Any CPU
		{4815ED8A-E0BA-4E12-8E08-D26B6E4430EC}.Debug|Any CPU.Build.0 = Debug|Any CPU
		{4815ED8A-E0BA-4E12-8E08-D26B6E4430EC}.Release|Any CPU.ActiveCfg = Release|Any CPU
		{4815ED8A-E0BA-4E12-8E08-D26B6E4430EC}.Release|Any CPU.Build.0 = Release|Any CPU
		{C923AD7B-53EF-4110-B351-B82B7C305603}.Debug|Any CPU.ActiveCfg = Debug|Any CPU
		{C923AD7B-53EF-4110-B351-B82B7C305603}.Debug|Any CPU.Build.0 = Debug|Any CPU
		{C923AD7B-53EF-4110-B351-B82B7C305603}.Release|Any CPU.ActiveCfg = Release|Any CPU
		{C923AD7B-53EF-4110-B351-B82B7C305603}.Release|Any CPU.Build.0 = Release|Any CPU
		{0946CD91-F4CD-4390-80D3-C2C12DACF45A}.Debug|Any CPU.ActiveCfg = Debug|Any CPU
		{0946CD91-F4CD-4390-80D3-C2C12DACF45A}.Debug|Any CPU.Build.0 = Debug|Any CPU
		{0946CD91-F4CD-4390-80D3-C2C12DACF45A}.Release|Any CPU.ActiveCfg = Release|Any CPU
		{0946CD91-F4CD-4390-80D3-C2C12DACF45A}.Release|Any CPU.Build.0 = Release|Any CPU
		{26A9DFF3-C5A9-44AE-93D7-C5C695DFFE88}.Debug|Any CPU.ActiveCfg = Debug|Any CPU
		{26A9DFF3-C5A9-44AE-93D7-C5C695DFFE88}.Debug|Any CPU.Build.0 = Debug|Any CPU
		{26A9DFF3-C5A9-44AE-93D7-C5C695DFFE88}.Release|Any CPU.ActiveCfg = Release|Any CPU
		{26A9DFF3-C5A9-44AE-93D7-C5C695DFFE88}.Release|Any CPU.Build.0 = Release|Any CPU
	EndGlobalSection
	GlobalSection(SolutionProperties) = preSolution
		HideSolutionNode = FALSE
	EndGlobalSection
	GlobalSection(NestedProjects) = preSolution
		{89362E60-E8D7-44F3-8634-9189BBC5F537} = {A717D115-F861-4A8F-86B9-FECBBBB785CF}
		{46199709-0F04-4F72-B868-E0B7309CCBDC} = {52C18A51-747A-4672-8D5D-9D16FC9DDDE5}
		{301B688A-DDDC-42ED-B436-5CCD547B9724} = {52C18A51-747A-4672-8D5D-9D16FC9DDDE5}
		{9F09A8F3-E8E3-46E1-8A05-DBA7C87E3B0D} = {6926D532-FE9A-48BB-8387-0CB4A79AC0A0}
		{74C357EF-FCCE-4BF1-9C72-413699D26A82} = {6926D532-FE9A-48BB-8387-0CB4A79AC0A0}
		{335D775C-6949-401F-8722-6A01D911F3C3} = {A717D115-F861-4A8F-86B9-FECBBBB785CF}
		{C6F2B39D-DA40-4DFA-868A-6E26A91F6CB2} = {F549CFF7-CAEA-40A3-A0FD-30CCD3CB4D60}
		{4815ED8A-E0BA-4E12-8E08-D26B6E4430EC} = {F549CFF7-CAEA-40A3-A0FD-30CCD3CB4D60}
		{C923AD7B-53EF-4110-B351-B82B7C305603} = {F549CFF7-CAEA-40A3-A0FD-30CCD3CB4D60}
		{0946CD91-F4CD-4390-80D3-C2C12DACF45A} = {F549CFF7-CAEA-40A3-A0FD-30CCD3CB4D60}
		{26A9DFF3-C5A9-44AE-93D7-C5C695DFFE88} = {F549CFF7-CAEA-40A3-A0FD-30CCD3CB4D60}
	EndGlobalSection
	GlobalSection(ExtensibilityGlobals) = postSolution
		SolutionGuid = {37F4E287-76FD-42EB-AB07-20224FB5E23B}
	EndGlobalSection
EndGlobal
